{
  "name": "iot-app",
  "version": "1.0.0",
  "lockfileVersion": 3,
  "requires": true,
  "packages": {
    "": {
      "name": "iot-app",
      "version": "1.0.0",
      "license": "ISC",
      "dependencies": {
        "ezuikit-js": "^8.1.16"
      }
    },
    "node_modules/@ezuikit/player-ezopen": {
      "version": "8.1.16-beta.3",
      "resolved": "https://registry.npmjs.org/@ezuikit/player-ezopen/-/player-ezopen-8.1.16-beta.3.tgz",
      "integrity": "sha512-SSpqlJLZzcdX1eMD15xFGTAbQqLsUhFZ5BgMBl+7aGZJHfZ8K7c1sBY1nID8WCGL2U4uOXVBGSbTTG+Q6PfV5g==",
      "license": "MIT",
      "dependencies": {
        "@ezuikit/player-plugin-record": "8.1.8-beta.3",
        "@ezuikit/utils-i18n": "^1.0.1",
        "@ezuikit/utils-logger": "^1.0.1",
        "@ezuikit/utils-service": "1.0.1",
        "@ezuikit/utils-tools": "^1.0.4",
        "@juggle/resize-observer": "^3.4.0",
        "dayjs": "^1.11.10",
        "deepmerge": "^4.3.1",
        "eventemitter3": "^5.0.1",
        "jquery": "^3.7.1",
        "screenfull": "^5.2.0",
        "ua-parser-js": "1.0.37"
      }
    },
    "node_modules/@ezuikit/player-plugin-record": {
      "version": "8.1.8-beta.3",
      "resolved": "https://registry.npmjs.org/@ezuikit/player-plugin-record/-/player-plugin-record-8.1.8-beta.3.tgz",
      "integrity": "sha512-YcQ5MR8zyg8b+o/ktr6r+YCXkiEX43HVmzVkfJsERgaokaHzoNIpOomEl51j/13gcemjSXuN6i1apCRC2v32pg==",
      "license": "MIT"
    },
    "node_modules/@ezuikit/utils-collect": {
      "version": "0.1.1",
      "resolved": "https://registry.npmjs.org/@ezuikit/utils-collect/-/utils-collect-0.1.1.tgz",
      "integrity": "sha512-BgEOnTtAq8rQRBAKv5rLXbQLGOnfOZ6NS0QTmiviey80JbMJlxrLiqmjL5lxvkm4JtCcXCtSgPA4tskQKN4eDA==",
      "license": "MIT"
    },
    "node_modules/@ezuikit/utils-i18n": {
      "version": "1.1.1",
      "resolved": "https://registry.npmjs.org/@ezuikit/utils-i18n/-/utils-i18n-1.1.1.tgz",
      "integrity": "sha512-PZe37fHfjUbhArXaoWMxbGOnU1R6k8XV7NroB3n2uL+z06SajozxO5TQARrk7Z72USQPvUsyaKIBcwVNjWK6/w==",
      "license": "MIT",
      "dependencies": {
        "deepmerge": "^4.3.1"
      }
    },
    "node_modules/@ezuikit/utils-logger": {
      "version": "1.1.0",
      "resolved": "https://registry.npmjs.org/@ezuikit/utils-logger/-/utils-logger-1.1.0.tgz",
      "integrity": "sha512-l/PiFZIC/VtW2l1oEjZEXfeYKFkPvX1kAlljXc1nRImNOI9t71/2oyTTkqkZvMLP/EG5regD9wuQplcvtfubUg==",
      "license": "MIT"
    },
    "node_modules/@ezuikit/utils-service": {
      "version": "1.0.1",
      "resolved": "https://registry.npmjs.org/@ezuikit/utils-service/-/utils-service-1.0.1.tgz",
      "integrity": "sha512-iNjYuU7AScBJxvKBM9PjiGI2y64QJNPT/H1Fy/Y7ZIAlw4DO//TP+x50qCho+i+EOUpWLtOqBQvtRb7a0O4X4Q==",
      "license": "MIT",
      "dependencies": {
        "@ezuikit/utils-tools": "^1.0.1",
        "dayjs": "^1.11.10"
      }
    },
    "node_modules/@ezuikit/utils-tools": {
      "version": "1.1.0",
      "resolved": "https://registry.npmjs.org/@ezuikit/utils-tools/-/utils-tools-1.1.0.tgz",
      "integrity": "sha512-mujPtXIhZnuJrJySu1/Z6X90sMJQStZydurZcfetMCH6pqIYN4P+1w6+P8PCTR6k4LJp5nY9+eNnKa7AZ8OBKA==",
      "license": "MIT"
    },
    "node_modules/@juggle/resize-observer": {
      "version": "3.4.0",
      "resolved": "https://registry.npmjs.org/@juggle/resize-observer/-/resize-observer-3.4.0.tgz",
      "integrity": "sha512-dfLbk+PwWvFzSxwk3n5ySL0hfBog779o8h68wK/7/APo/7cgyWp5jcXockbxdk5kFRkbeXWm4Fbi9FrdN381sA==",
      "license": "Apache-2.0"
    },
    "node_modules/abortcontroller-polyfill": {
      "version": "1.7.8",
      "resolved": "https://registry.npmjs.org/abortcontroller-polyfill/-/abortcontroller-polyfill-1.7.8.tgz",
      "integrity": "sha512-9f1iZ2uWh92VcrU9Y8x+LdM4DLj75VE0MJB8zuF1iUnroEptStw+DQ8EQPMUdfe5k+PkB1uUfDQfWbhstH8LrQ==",
      "license": "MIT"
    },
    "node_modules/dayjs": {
      "version": "1.11.18",
      "resolved": "https://registry.npmjs.org/dayjs/-/dayjs-1.11.18.tgz",
      "integrity": "sha512-zFBQ7WFRvVRhKcWoUh+ZA1g2HVgUbsZm9sbddh8EC5iv93sui8DVVz1Npvz+r6meo9VKfa8NyLWBsQK1VvIKPA==",
      "license": "MIT"
    },
    "node_modules/debounce-promise": {
      "version": "3.1.2",
      "resolved": "https://registry.npmjs.org/debounce-promise/-/debounce-promise-3.1.2.tgz",
      "integrity": "sha512-rZHcgBkbYavBeD9ej6sP56XfG53d51CD4dnaw989YX/nZ/ZJfgRx/9ePKmTNiUiyQvh4mtrMoS3OAWW+yoYtpg==",
      "license": "MIT"
    },
    "node_modules/deepmerge": {
      "version": "4.3.1",
      "resolved": "https://registry.npmjs.org/deepmerge/-/deepmerge-4.3.1.tgz",
      "integrity": "sha512-3sUqbMEc77XqpdNO7FRyRog+eW3ph+GYCbj+rK+uYyRMuwsVy0rMiVtPn+QJlKFvWP/1PYpapqYn0Me2knFn+A==",
      "license": "MIT",
      "engines": {
        "node": ">=0.10.0"
      }
    },
    "node_modules/delegate": {
      "version": "3.2.0",
      "resolved": "https://registry.npmjs.org/delegate/-/delegate-3.2.0.tgz",
      "integrity": "sha512-IofjkYBZaZivn0V8nnsMJGBr4jVLxHDheKSW88PyxS5QC4Vo9ZbZVvhzlSxY87fVq3STR6r+4cGepyHkcWOQSw==",
      "license": "MIT"
    },
    "node_modules/eventemitter3": {
      "version": "5.0.1",
      "resolved": "https://registry.npmjs.org/eventemitter3/-/eventemitter3-5.0.1.tgz",
      "integrity": "sha512-GWkBvjiSZK87ELrYOSESUYeVIc9mvLLf/nXalMOS5dYrgZq9o5OVkbZAVM06CVxYsCwH9BDZFPlQTlPA1j4ahA==",
      "license": "MIT"
    },
    "node_modules/ezuikit-js": {
      "version": "8.1.16",
      "resolved": "https://registry.npmjs.org/ezuikit-js/-/ezuikit-js-8.1.16.tgz",
      "integrity": "sha512-0fIhg2N8biOj4lBHVQOXcFD1cCRpCuSAe+69qq9nWZx38sxwGZkOv1SWJoMOoi5vycuFGrolU7w/tMKV1oDiCg==",
      "license": "ISC",
      "dependencies": {
        "@ezuikit/player-ezopen": "8.1.16-beta.3",
        "@ezuikit/utils-collect": "0.1.1",
        "@ezuikit/utils-i18n": "^1.0.1",
        "@ezuikit/utils-logger": "^1.0.1",
        "@ezuikit/utils-tools": "^1.0.4",
        "@juggle/resize-observer": "^3.4.0",
        "abortcontroller-polyfill": "^1.7.5",
        "debounce-promise": "^3.1.2",
        "deepmerge": "^4.3.1",
        "delegate": "3.2.0",
        "formdata-polyfill": "^4.0.10",
        "jquery": "^3.3.1",
        "lodash-es": "^4.17.21",
        "screenfull": "^5.2.0",
        "uuid": "^8.3.0"
      }
    },
    "node_modules/fetch-blob": {
      "version": "3.2.0",
      "resolved": "https://registry.npmjs.org/fetch-blob/-/fetch-blob-3.2.0.tgz",
      "integrity": "sha512-7yAQpD2UMJzLi1Dqv7qFYnPbaPx7ZfFK6PiIxQ4PfkGPyNyl2Ugx+a/umUonmKqjhM4DnfbMvdX6otXq83soQQ==",
      "funding": [
        {
          "type": "github",
          "url": "https://github.com/sponsors/jimmywarting"
        },
        {
          "type": "paypal",
          "url": "https://paypal.me/jimmywarting"
        }
      ],
      "license": "MIT",
      "dependencies": {
        "node-domexception": "^1.0.0",
        "web-streams-polyfill": "^3.0.3"
      },
      "engines": {
        "node": "^12.20 || >= 14.13"
      }
    },
    "node_modules/formdata-polyfill": {
      "version": "4.0.10",
      "resolved": "https://registry.npmjs.org/formdata-polyfill/-/formdata-polyfill-4.0.10.tgz",
      "integrity": "sha512-buewHzMvYL29jdeQTVILecSaZKnt/RJWjoZCF5OW60Z67/GmSLBkOFM7qh1PI3zFNtJbaZL5eQu1vLfazOwj4g==",
      "license": "MIT",
      "dependencies": {
        "fetch-blob": "^3.1.2"
      },
      "engines": {
        "node": ">=12.20.0"
      }
    },
    "node_modules/jquery": {
      "version": "3.7.1",
      "resolved": "https://registry.npmjs.org/jquery/-/jquery-3.7.1.tgz",
      "integrity": "sha512-m4avr8yL8kmFN8psrbFFFmB/If14iN5o9nw/NgnnM+kybDJpRsAynV2BsfpTYrTRysYUdADVD7CkUUizgkpLfg==",
      "license": "MIT"
    },
    "node_modules/lodash-es": {
      "version": "4.17.21",
      "resolved": "https://registry.npmjs.org/lodash-es/-/lodash-es-4.17.21.tgz",
      "integrity": "sha512-mKnC+QJ9pWVzv+C4/U3rRsHapFfHvQFoFB92e52xeyGMcX6/OlIl78je1u8vePzYZSkkogMPJ2yjxxsb89cxyw==",
      "license": "MIT"
    },
    "node_modules/node-domexception": {
      "version": "1.0.0",
      "resolved": "https://registry.npmjs.org/node-domexception/-/node-domexception-1.0.0.tgz",
      "integrity": "sha512-/jKZoMpw0F8GRwl4/eLROPA3cfcXtLApP0QzLmUT/HuPCZWyB7IY9ZrMeKw2O/nFIqPQB3PVM9aYm0F312AXDQ==",
      "deprecated": "Use your platform's native DOMException instead",
      "funding": [
        {
          "type": "github",
          "url": "https://github.com/sponsors/jimmywarting"
        },
        {
          "type": "github",
          "url": "https://paypal.me/jimmywarting"
        }
      ],
      "license": "MIT",
      "engines": {
        "node": ">=10.5.0"
      }
    },
    "node_modules/screenfull": {
      "version": "5.2.0",
      "resolved": "https://registry.npmjs.org/screenfull/-/screenfull-5.2.0.tgz",
      "integrity": "sha512-9BakfsO2aUQN2K9Fdbj87RJIEZ82Q9IGim7FqM5OsebfoFC6ZHXgDq/KvniuLTPdeM8wY2o6Dj3WQ7KeQCj3cA==",
      "license": "MIT",
      "engines": {
        "node": ">=0.10.0"
      },
      "funding": {
        "url": "https://github.com/sponsors/sindresorhus"
      }
    },
    "node_modules/ua-parser-js": {
      "version": "1.0.37",
      "resolved": "https://registry.npmjs.org/ua-parser-js/-/ua-parser-js-1.0.37.tgz",
      "integrity": "sha512-bhTyI94tZofjo+Dn8SN6Zv8nBDvyXTymAdM3LDI/0IboIUwTu1rEhW7v2TfiVsoYWgkQ4kOVqnI8APUFbIQIFQ==",
      "funding": [
        {
          "type": "opencollective",
          "url": "https://opencollective.com/ua-parser-js"
        },
        {
          "type": "paypal",
          "url": "https://paypal.me/faisalman"
        },
        {
          "type": "github",
          "url": "https://github.com/sponsors/faisalman"
        }
      ],
      "license": "MIT",
      "engines": {
        "node": "*"
      }
    },
    "node_modules/uuid": {
      "version": "8.3.2",
      "resolved": "https://registry.npmjs.org/uuid/-/uuid-8.3.2.tgz",
      "integrity": "sha512-+NYs2QeMWy+GWFOEm9xnn6HCDp0l7QBD7ml8zLUmJ+93Q5NF0NocErnwkTkXVFNiX3/fpC6afS8Dhb/gz7R7eg==",
      "license": "MIT",
      "bin": {
        "uuid": "dist/bin/uuid"
      }
    },
    "node_modules/web-streams-polyfill": {
      "version": "3.3.3",
      "resolved": "https://registry.npmjs.org/web-streams-polyfill/-/web-streams-polyfill-3.3.3.tgz",
      "integrity": "sha512-d2JWLCivmZYTSIoge9MsgFCZrt571BikcWGYkjC1khllbTeDlGqZ2D8vD8E/lJa8WGWbb7Plm8/XJYV7IJHZZw==",
      "license": "MIT",
      "engines": {
        "node": ">= 8"
      }
    }
  }
}
